
Microsoft Visual Studio Solution File, Format Version 12.00
# Visual Studio Version 17
VisualStudioVersion = 17.2.32516.85
MinimumVisualStudioVersion = 10.0.40219.1
Project("{FAE04EC0-301F-11D3-BF4B-00C04F79EFBC}") = "WebApp_MVC_API_6323", "WebApp_MVC_API_6323\WebApp_MVC_API_6323.csproj", "{EFC4612C-52AE-4F5A-8068-C296C74AA2D4}"
EndProject
Global
	GlobalSection(SolutionConfigurationPlatforms) = preSolution
		Debug|Any CPU = Debug|Any CPU
		Release|Any CPU = Release|Any CPU
	EndGlobalSection
	GlobalSection(ProjectConfigurationPlatforms) = postSolution
		{EFC4612C-52AE-4F5A-8068-C296C74AA2D4}.Debug|Any CPU.ActiveCfg = Debug|Any CPU
		{EFC4612C-52AE-4F5A-8068-C296C74AA2D4}.Debug|Any CPU.Build.0 = Debug|Any CPU
		{EFC4612C-52AE-4F5A-8068-C296C74AA2D4}.Release|Any CPU.ActiveCfg = Release|Any CPU
		{EFC4612C-52AE-4F5A-8068-C296C74AA2D4}.Release|Any CPU.Build.0 = Release|Any CPU
	EndGlobalSection
	GlobalSection(SolutionProperties) = preSolution
		HideSolutionNode = FALSE
	EndGlobalSection
	GlobalSection(ExtensibilityGlobals) = postSolution
		SolutionGuid = {1B7FE39B-9E8F-48A7-832C-4D6BC5648EF5}
	EndGlobalSection
EndGlobal
